
Microsoft Visual Studio Solution File, Format Version 12.00
# Visual Studio Version 17
VisualStudioVersion = 17.2.32630.192
MinimumVisualStudioVersion = 10.0.40219.1
Project("{9A19103F-16F7-4668-BE54-9A1E7A4F7556}") = "AdminPanel", "AdminPanel\AdminPanel.csproj", "{6FF8EC3E-657A-48C8-9891-586BA5D9AB99}"
	ProjectSection(ProjectDependencies) = postProject
		{2BC55FD1-CAA4-410E-9982-AAD2B64A49D2} = {2BC55FD1-CAA4-410E-9982-AAD2B64A49D2}
	EndProjectSection
EndProject
Project("{FAE04EC0-301F-11D3-BF4B-00C04F79EFBC}") = "DAL", "DAL\DAL.csproj", "{2BC55FD1-CAA4-410E-9982-AAD2B64A49D2}"
EndProject
Global
	GlobalSection(SolutionConfigurationPlatforms) = preSolution
		Debug|Any CPU = Debug|Any CPU
		Release|Any CPU = Release|Any CPU
	EndGlobalSection
	GlobalSection(ProjectConfigurationPlatforms) = postSolution
		{6FF8EC3E-657A-48C8-9891-586BA5D9AB99}.Debug|Any CPU.ActiveCfg = Debug|Any CPU
		{6FF8EC3E-657A-48C8-9891-586BA5D9AB99}.Debug|Any CPU.Build.0 = Debug|Any CPU
		{6FF8EC3E-657A-48C8-9891-586BA5D9AB99}.Release|Any CPU.ActiveCfg = Release|Any CPU
		{6FF8EC3E-657A-48C8-9891-586BA5D9AB99}.Release|Any CPU.Build.0 = Release|Any CPU
		{2BC55FD1-CAA4-410E-9982-AAD2B64A49D2}.Debug|Any CPU.ActiveCfg = Debug|Any CPU
		{2BC55FD1-CAA4-410E-9982-AAD2B64A49D2}.Debug|Any CPU.Build.0 = Debug|Any CPU
		{2BC55FD1-CAA4-410E-9982-AAD2B64A49D2}.Release|Any CPU.ActiveCfg = Release|Any CPU
		{2BC55FD1-CAA4-410E-9982-AAD2B64A49D2}.Release|Any CPU.Build.0 = Release|Any CPU
	EndGlobalSection
	GlobalSection(SolutionProperties) = preSolution
		HideSolutionNode = FALSE
	EndGlobalSection
	GlobalSection(ExtensibilityGlobals) = postSolution
		SolutionGuid = {C250DBBA-D40A-4289-8E1F-2D70472C0153}
	EndGlobalSection
EndGlobal
